
Microsoft Visual Studio Solution File, Format Version 12.00
# Visual Studio Version 16
VisualStudioVersion = 16.0.31005.135
MinimumVisualStudioVersion = 10.0.40219.1
Project("{8BC9CEB8-8B4A-11D0-8D11-00A0C91BC942}") = "exer4_pg14", "exer4_pg14.vcxproj", "{A3CD1E43-9DC8-4EB4-A717-8B2525F0CDD4}"
EndProject
Global
	GlobalSection(SolutionConfigurationPlatforms) = preSolution
		Debug|x64 = Debug|x64
		Debug|x86 = Debug|x86
		Release|x64 = Release|x64
		Release|x86 = Release|x86
	EndGlobalSection
	GlobalSection(ProjectConfigurationPlatforms) = postSolution
		{A3CD1E43-9DC8-4EB4-A717-8B2525F0CDD4}.Debug|x64.ActiveCfg = Debug|x64
		{A3CD1E43-9DC8-4EB4-A717-8B2525F0CDD4}.Debug|x64.Build.0 = Debug|x64
		{A3CD1E43-9DC8-4EB4-A717-8B2525F0CDD4}.Debug|x86.ActiveCfg = Debug|Win32
		{A3CD1E43-9DC8-4EB4-A717-8B2525F0CDD4}.Debug|x86.Build.0 = Debug|Win32
		{A3CD1E43-9DC8-4EB4-A717-8B2525F0CDD4}.Release|x64.ActiveCfg = Release|x64
		{A3CD1E43-9DC8-4EB4-A717-8B2525F0CDD4}.Release|x64.Build.0 = Release|x64
		{A3CD1E43-9DC8-4EB4-A717-8B2525F0CDD4}.Release|x86.ActiveCfg = Release|Win32
		{A3CD1E43-9DC8-4EB4-A717-8B2525F0CDD4}.Release|x86.Build.0 = Release|Win32
	EndGlobalSection
	GlobalSection(SolutionProperties) = preSolution
		HideSolutionNode = FALSE
	EndGlobalSection
	GlobalSection(ExtensibilityGlobals) = postSolution
		SolutionGuid = {529BBAF5-7C78-46F5-9889-649807C1A8D8}
	EndGlobalSection
EndGlobal
